
Microsoft Visual Studio Solution File, Format Version 12.00
# Visual Studio Version 17
VisualStudioVersion = 17.0.31903.59
MinimumVisualStudioVersion = 10.0.40219.1
Project("{9A19103F-16F7-4668-BE54-9A1E7A4F7556}") = "SqlNotebook", "SqlNotebook\SqlNotebook.csproj", "{4766090D-0E56-4A24-BDE7-3F9FB8D37C80}"
	ProjectSection(ProjectDependencies) = postProject
		{34743FAD-099D-4DB8-B8A6-C863FEC91C77} = {34743FAD-099D-4DB8-B8A6-C863FEC91C77}
	EndProjectSection
EndProject
Project("{9A19103F-16F7-4668-BE54-9A1E7A4F7556}") = "WinFormsUI", "..\ext\dockpanelsuite\WinFormsUI\WinFormsUI.csproj", "{C75532C4-765B-418E-B09B-46D36B2ABDB1}"
EndProject
Project("{9A19103F-16F7-4668-BE54-9A1E7A4F7556}") = "ThemeVS2012Light", "..\ext\dockpanelsuite\WinFormsUI\ThemeVS2012Light.csproj", "{4ED4FDB5-9FD0-49E6-876D-1635F727C755}"
EndProject
Project("{8BC9CEB8-8B4A-11D0-8D11-00A0C91BC942}") = "sqlite3", "sqlite3\sqlite3.vcxproj", "{34743FAD-099D-4DB8-B8A6-C863FEC91C77}"
EndProject
Project("{9A19103F-16F7-4668-BE54-9A1E7A4F7556}") = "SqlNotebookScript", "SqlNotebookScript\SqlNotebookScript.csproj", "{2255C461-80D4-419C-AA57-60AF7D2C6305}"
EndProject
Project("{2150E333-8FDC-42A3-9474-1A3956D46DE8}") = "Solution Items", "Solution Items", "{19717C6A-E7B7-4996-8556-DF3CDADD347A}"
EndProject
Project("{9A19103F-16F7-4668-BE54-9A1E7A4F7556}") = "Tests", "Tests\Tests.csproj", "{071687A4-D100-4FC4-8B42-CEE211CE9F05}"
EndProject
Project("{9A19103F-16F7-4668-BE54-9A1E7A4F7556}") = "Shell", "..\ext\Windows-API-Code-Pack\source\WindowsAPICodePack\Shell\Shell.csproj", "{6600E45B-E354-48A9-AA23-CA276102E7BE}"
EndProject
Project("{9A19103F-16F7-4668-BE54-9A1E7A4F7556}") = "Core", "..\ext\Windows-API-Code-Pack\source\WindowsAPICodePack\Core\Core.csproj", "{8B591728-BA7E-4E84-B103-E4971A984A68}"
EndProject
Global
	GlobalSection(SolutionConfigurationPlatforms) = preSolution
		Debug|Any CPU = Debug|Any CPU
		Debug|x64 = Debug|x64
		Release|Any CPU = Release|Any CPU
		Release|x64 = Release|x64
	EndGlobalSection
	GlobalSection(ProjectConfigurationPlatforms) = postSolution
		{4766090D-0E56-4A24-BDE7-3F9FB8D37C80}.Debug|Any CPU.ActiveCfg = Debug|x64
		{4766090D-0E56-4A24-BDE7-3F9FB8D37C80}.Debug|x64.ActiveCfg = Debug|x64
		{4766090D-0E56-4A24-BDE7-3F9FB8D37C80}.Debug|x64.Build.0 = Debug|x64
		{4766090D-0E56-4A24-BDE7-3F9FB8D37C80}.Release|Any CPU.ActiveCfg = Release|x64
		{4766090D-0E56-4A24-BDE7-3F9FB8D37C80}.Release|x64.ActiveCfg = Release|x64
		{4766090D-0E56-4A24-BDE7-3F9FB8D37C80}.Release|x64.Build.0 = Release|x64
		{C75532C4-765B-418E-B09B-46D36B2ABDB1}.Debug|Any CPU.ActiveCfg = Debug|Any CPU
		{C75532C4-765B-418E-B09B-46D36B2ABDB1}.Debug|Any CPU.Build.0 = Debug|Any CPU
		{C75532C4-765B-418E-B09B-46D36B2ABDB1}.Debug|x64.ActiveCfg = Debug|Any CPU
		{C75532C4-765B-418E-B09B-46D36B2ABDB1}.Debug|x64.Build.0 = Debug|Any CPU
		{C75532C4-765B-418E-B09B-46D36B2ABDB1}.Release|Any CPU.ActiveCfg = Release|Any CPU
		{C75532C4-765B-418E-B09B-46D36B2ABDB1}.Release|Any CPU.Build.0 = Release|Any CPU
		{C75532C4-765B-418E-B09B-46D36B2ABDB1}.Release|x64.ActiveCfg = Release|Any CPU
		{C75532C4-765B-418E-B09B-46D36B2ABDB1}.Release|x64.Build.0 = Release|Any CPU
		{4ED4FDB5-9FD0-49E6-876D-1635F727C755}.Debug|Any CPU.ActiveCfg = Debug|Any CPU
		{4ED4FDB5-9FD0-49E6-876D-1635F727C755}.Debug|Any CPU.Build.0 = Debug|Any CPU
		{4ED4FDB5-9FD0-49E6-876D-1635F727C755}.Debug|x64.ActiveCfg = Debug|Any CPU
		{4ED4FDB5-9FD0-49E6-876D-1635F727C755}.Debug|x64.Build.0 = Debug|Any CPU
		{4ED4FDB5-9FD0-49E6-876D-1635F727C755}.Release|Any CPU.ActiveCfg = Release|Any CPU
		{4ED4FDB5-9FD0-49E6-876D-1635F727C755}.Release|Any CPU.Build.0 = Release|Any CPU
		{4ED4FDB5-9FD0-49E6-876D-1635F727C755}.Release|x64.ActiveCfg = Release|Any CPU
		{4ED4FDB5-9FD0-49E6-876D-1635F727C755}.Release|x64.Build.0 = Release|Any CPU
		{34743FAD-099D-4DB8-B8A6-C863FEC91C77}.Debug|Any CPU.ActiveCfg = Debug|x64
		{34743FAD-099D-4DB8-B8A6-C863FEC91C77}.Debug|x64.ActiveCfg = Debug|x64
		{34743FAD-099D-4DB8-B8A6-C863FEC91C77}.Debug|x64.Build.0 = Debug|x64
		{34743FAD-099D-4DB8-B8A6-C863FEC91C77}.Release|Any CPU.ActiveCfg = Release|x64
		{34743FAD-099D-4DB8-B8A6-C863FEC91C77}.Release|x64.ActiveCfg = Release|x64
		{34743FAD-099D-4DB8-B8A6-C863FEC91C77}.Release|x64.Build.0 = Release|x64
		{2255C461-80D4-419C-AA57-60AF7D2C6305}.Debug|Any CPU.ActiveCfg = Debug|Any CPU
		{2255C461-80D4-419C-AA57-60AF7D2C6305}.Debug|Any CPU.Build.0 = Debug|Any CPU
		{2255C461-80D4-419C-AA57-60AF7D2C6305}.Debug|x64.ActiveCfg = Debug|Any CPU
		{2255C461-80D4-419C-AA57-60AF7D2C6305}.Debug|x64.Build.0 = Debug|Any CPU
		{2255C461-80D4-419C-AA57-60AF7D2C6305}.Release|Any CPU.ActiveCfg = Release|Any CPU
		{2255C461-80D4-419C-AA57-60AF7D2C6305}.Release|Any CPU.Build.0 = Release|Any CPU
		{2255C461-80D4-419C-AA57-60AF7D2C6305}.Release|x64.ActiveCfg = Release|Any CPU
		{2255C461-80D4-419C-AA57-60AF7D2C6305}.Release|x64.Build.0 = Release|Any CPU
		{071687A4-D100-4FC4-8B42-CEE211CE9F05}.Debug|Any CPU.ActiveCfg = Debug|Any CPU
		{071687A4-D100-4FC4-8B42-CEE211CE9F05}.Debug|Any CPU.Build.0 = Debug|Any CPU
		{071687A4-D100-4FC4-8B42-CEE211CE9F05}.Debug|x64.ActiveCfg = Debug|Any CPU
		{071687A4-D100-4FC4-8B42-CEE211CE9F05}.Debug|x64.Build.0 = Debug|Any CPU
		{071687A4-D100-4FC4-8B42-CEE211CE9F05}.Release|Any CPU.ActiveCfg = Release|Any CPU
		{071687A4-D100-4FC4-8B42-CEE211CE9F05}.Release|Any CPU.Build.0 = Release|Any CPU
		{071687A4-D100-4FC4-8B42-CEE211CE9F05}.Release|x64.ActiveCfg = Release|Any CPU
		{071687A4-D100-4FC4-8B42-CEE211CE9F05}.Release|x64.Build.0 = Release|Any CPU
		{6600E45B-E354-48A9-AA23-CA276102E7BE}.Debug|Any CPU.ActiveCfg = Debug|Any CPU
		{6600E45B-E354-48A9-AA23-CA276102E7BE}.Debug|Any CPU.Build.0 = Debug|Any CPU
		{6600E45B-E354-48A9-AA23-CA276102E7BE}.Debug|x64.ActiveCfg = Debug|Any CPU
		{6600E45B-E354-48A9-AA23-CA276102E7BE}.Debug|x64.Build.0 = Debug|Any CPU
		{6600E45B-E354-48A9-AA23-CA276102E7BE}.Release|Any CPU.ActiveCfg = Release|Any CPU
		{6600E45B-E354-48A9-AA23-CA276102E7BE}.Release|Any CPU.Build.0 = Release|Any CPU
		{6600E45B-E354-48A9-AA23-CA276102E7BE}.Release|x64.ActiveCfg = Release|Any CPU
		{6600E45B-E354-48A9-AA23-CA276102E7BE}.Release|x64.Build.0 = Release|Any CPU
		{8B591728-BA7E-4E84-B103-E4971A984A68}.Debug|Any CPU.ActiveCfg = Debug|Any CPU
		{8B591728-BA7E-4E84-B103-E4971A984A68}.Debug|Any CPU.Build.0 = Debug|Any CPU
		{8B591728-BA7E-4E84-B103-E4971A984A68}.Debug|x64.ActiveCfg = Debug|Any CPU
		{8B591728-BA7E-4E84-B103-E4971A984A68}.Debug|x64.Build.0 = Debug|Any CPU
		{8B591728-BA7E-4E84-B103-E4971A984A68}.Release|Any CPU.ActiveCfg = Release|Any CPU
		{8B591728-BA7E-4E84-B103-E4971A984A68}.Release|Any CPU.Build.0 = Release|Any CPU
		{8B591728-BA7E-4E84-B103-E4971A984A68}.Release|x64.ActiveCfg = Release|Any CPU
		{8B591728-BA7E-4E84-B103-E4971A984A68}.Release|x64.Build.0 = Release|Any CPU
	EndGlobalSection
	GlobalSection(SolutionProperties) = preSolution
		HideSolutionNode = FALSE
	EndGlobalSection
	GlobalSection(ExtensibilityGlobals) = postSolution
		SolutionGuid = {384B9232-3E09-4838-B0A4-F27655E1348C}
	EndGlobalSection
EndGlobal
