
Microsoft Visual Studio Solution File, Format Version 12.00
# Visual Studio Version 17
VisualStudioVersion = 17.0.31903.59
MinimumVisualStudioVersion = 10.0.40219.1
Project("{9A19103F-16F7-4668-BE54-9A1E7A4F7556}") = "SqlNotebook", "SqlNotebook\SqlNotebook.csproj", "{4766090D-0E56-4A24-BDE7-3F9FB8D37C80}"
	ProjectSection(ProjectDependencies) = postProject
		{34743FAD-099D-4DB8-B8A6-C863FEC91C77} = {34743FAD-099D-4DB8-B8A6-C863FEC91C77}
	EndProjectSection
EndProject
Project("{9A19103F-16F7-4668-BE54-9A1E7A4F7556}") = "WinFormsUI", "..\ext\dockpanelsuite\WinFormsUI\WinFormsUI.csproj", "{C75532C4-765B-418E-B09B-46D36B2ABDB1}"
EndProject
Project("{9A19103F-16F7-4668-BE54-9A1E7A4F7556}") = "ThemeVS2012Light", "..\ext\dockpanelsuite\WinFormsUI\ThemeVS2012Light.csproj", "{4ED4FDB5-9FD0-49E6-876D-1635F727C755}"
EndProject
Project("{9A19103F-16F7-4668-BE54-9A1E7A4F7556}") = "SqlNotebookScript", "SqlNotebookScript\SqlNotebookScript.csproj", "{2255C461-80D4-419C-AA57-60AF7D2C6305}"
EndProject
Project("{2150E333-8FDC-42A3-9474-1A3956D46DE8}") = "Solution Items", "Solution Items", "{19717C6A-E7B7-4996-8556-DF3CDADD347A}"
EndProject
Project("{9A19103F-16F7-4668-BE54-9A1E7A4F7556}") = "Tests", "Tests\Tests.csproj", "{071687A4-D100-4FC4-8B42-CEE211CE9F05}"
EndProject
Project("{9A19103F-16F7-4668-BE54-9A1E7A4F7556}") = "Shell", "..\ext\Windows-API-Code-Pack\source\WindowsAPICodePack\Shell\Shell.csproj", "{6600E45B-E354-48A9-AA23-CA276102E7BE}"
EndProject
Project("{9A19103F-16F7-4668-BE54-9A1E7A4F7556}") = "Core", "..\ext\Windows-API-Code-Pack\source\WindowsAPICodePack\Core\Core.csproj", "{8B591728-BA7E-4E84-B103-E4971A984A68}"
EndProject
Project("{8BC9CEB8-8B4A-11D0-8D11-00A0C91BC942}") = "SqlNotebookDb", "SqlNotebookDb\SqlNotebookDb.vcxproj", "{34743FAD-099D-4DB8-B8A6-C863FEC91C77}"
EndProject
Project("{8BC9CEB8-8B4A-11D0-8D11-00A0C91BC942}") = "crypto", "crypto\crypto.vcxproj", "{3450C322-3527-4A61-81A2-8D7552C3DE3E}"
EndProject
Project("{8BC9CEB8-8B4A-11D0-8D11-00A0C91BC942}") = "fuzzy", "fuzzy\fuzzy.vcxproj", "{63CA9325-9A8A-4D54-A9B1-4E0B2B2DBCAA}"
EndProject
Project("{8BC9CEB8-8B4A-11D0-8D11-00A0C91BC942}") = "stats", "stats\stats.vcxproj", "{EC2ACE95-B4CF-472D-B735-4FAD620801F3}"
EndProject
Global
	GlobalSection(SolutionConfigurationPlatforms) = preSolution
		Debug|ARM64 = Debug|ARM64
		Debug|x64 = Debug|x64
		Debug|x86 = Debug|x86
		Release|ARM64 = Release|ARM64
		Release|x64 = Release|x64
		Release|x86 = Release|x86
	EndGlobalSection
	GlobalSection(ProjectConfigurationPlatforms) = postSolution
		{4766090D-0E56-4A24-BDE7-3F9FB8D37C80}.Debug|ARM64.ActiveCfg = Debug|ARM64
		{4766090D-0E56-4A24-BDE7-3F9FB8D37C80}.Debug|ARM64.Build.0 = Debug|ARM64
		{4766090D-0E56-4A24-BDE7-3F9FB8D37C80}.Debug|x64.ActiveCfg = Debug|x64
		{4766090D-0E56-4A24-BDE7-3F9FB8D37C80}.Debug|x64.Build.0 = Debug|x64
		{4766090D-0E56-4A24-BDE7-3F9FB8D37C80}.Debug|x86.ActiveCfg = Debug|x86
		{4766090D-0E56-4A24-BDE7-3F9FB8D37C80}.Debug|x86.Build.0 = Debug|x86
		{4766090D-0E56-4A24-BDE7-3F9FB8D37C80}.Release|ARM64.ActiveCfg = Release|ARM64
		{4766090D-0E56-4A24-BDE7-3F9FB8D37C80}.Release|ARM64.Build.0 = Release|ARM64
		{4766090D-0E56-4A24-BDE7-3F9FB8D37C80}.Release|x64.ActiveCfg = Release|x64
		{4766090D-0E56-4A24-BDE7-3F9FB8D37C80}.Release|x64.Build.0 = Release|x64
		{4766090D-0E56-4A24-BDE7-3F9FB8D37C80}.Release|x86.ActiveCfg = Release|x86
		{4766090D-0E56-4A24-BDE7-3F9FB8D37C80}.Release|x86.Build.0 = Release|x86
		{C75532C4-765B-418E-B09B-46D36B2ABDB1}.Debug|ARM64.ActiveCfg = Debug|ARM64
		{C75532C4-765B-418E-B09B-46D36B2ABDB1}.Debug|ARM64.Build.0 = Debug|ARM64
		{C75532C4-765B-418E-B09B-46D36B2ABDB1}.Debug|x64.ActiveCfg = Debug|Any CPU
		{C75532C4-765B-418E-B09B-46D36B2ABDB1}.Debug|x64.Build.0 = Debug|Any CPU
		{C75532C4-765B-418E-B09B-46D36B2ABDB1}.Debug|x86.ActiveCfg = Debug|Any CPU
		{C75532C4-765B-418E-B09B-46D36B2ABDB1}.Debug|x86.Build.0 = Debug|Any CPU
		{C75532C4-765B-418E-B09B-46D36B2ABDB1}.Release|ARM64.ActiveCfg = Release|ARM64
		{C75532C4-765B-418E-B09B-46D36B2ABDB1}.Release|ARM64.Build.0 = Release|ARM64
		{C75532C4-765B-418E-B09B-46D36B2ABDB1}.Release|x64.ActiveCfg = Release|Any CPU
		{C75532C4-765B-418E-B09B-46D36B2ABDB1}.Release|x64.Build.0 = Release|Any CPU
		{C75532C4-765B-418E-B09B-46D36B2ABDB1}.Release|x86.ActiveCfg = Release|Any CPU
		{C75532C4-765B-418E-B09B-46D36B2ABDB1}.Release|x86.Build.0 = Release|Any CPU
		{4ED4FDB5-9FD0-49E6-876D-1635F727C755}.Debug|ARM64.ActiveCfg = Debug|ARM64
		{4ED4FDB5-9FD0-49E6-876D-1635F727C755}.Debug|ARM64.Build.0 = Debug|ARM64
		{4ED4FDB5-9FD0-49E6-876D-1635F727C755}.Debug|x64.ActiveCfg = Debug|Any CPU
		{4ED4FDB5-9FD0-49E6-876D-1635F727C755}.Debug|x64.Build.0 = Debug|Any CPU
		{4ED4FDB5-9FD0-49E6-876D-1635F727C755}.Debug|x86.ActiveCfg = Debug|Any CPU
		{4ED4FDB5-9FD0-49E6-876D-1635F727C755}.Debug|x86.Build.0 = Debug|Any CPU
		{4ED4FDB5-9FD0-49E6-876D-1635F727C755}.Release|ARM64.ActiveCfg = Release|ARM64
		{4ED4FDB5-9FD0-49E6-876D-1635F727C755}.Release|ARM64.Build.0 = Release|ARM64
		{4ED4FDB5-9FD0-49E6-876D-1635F727C755}.Release|x64.ActiveCfg = Release|Any CPU
		{4ED4FDB5-9FD0-49E6-876D-1635F727C755}.Release|x64.Build.0 = Release|Any CPU
		{4ED4FDB5-9FD0-49E6-876D-1635F727C755}.Release|x86.ActiveCfg = Release|Any CPU
		{4ED4FDB5-9FD0-49E6-876D-1635F727C755}.Release|x86.Build.0 = Release|Any CPU
		{2255C461-80D4-419C-AA57-60AF7D2C6305}.Debug|ARM64.ActiveCfg = Debug|ARM64
		{2255C461-80D4-419C-AA57-60AF7D2C6305}.Debug|ARM64.Build.0 = Debug|ARM64
		{2255C461-80D4-419C-AA57-60AF7D2C6305}.Debug|x64.ActiveCfg = Debug|x64
		{2255C461-80D4-419C-AA57-60AF7D2C6305}.Debug|x64.Build.0 = Debug|x64
		{2255C461-80D4-419C-AA57-60AF7D2C6305}.Debug|x86.ActiveCfg = Debug|x86
		{2255C461-80D4-419C-AA57-60AF7D2C6305}.Debug|x86.Build.0 = Debug|x86
		{2255C461-80D4-419C-AA57-60AF7D2C6305}.Release|ARM64.ActiveCfg = Release|ARM64
		{2255C461-80D4-419C-AA57-60AF7D2C6305}.Release|ARM64.Build.0 = Release|ARM64
		{2255C461-80D4-419C-AA57-60AF7D2C6305}.Release|x64.ActiveCfg = Release|x64
		{2255C461-80D4-419C-AA57-60AF7D2C6305}.Release|x64.Build.0 = Release|x64
		{2255C461-80D4-419C-AA57-60AF7D2C6305}.Release|x86.ActiveCfg = Release|x86
		{2255C461-80D4-419C-AA57-60AF7D2C6305}.Release|x86.Build.0 = Release|x86
		{071687A4-D100-4FC4-8B42-CEE211CE9F05}.Debug|ARM64.ActiveCfg = Debug|ARM64
		{071687A4-D100-4FC4-8B42-CEE211CE9F05}.Debug|ARM64.Build.0 = Debug|ARM64
		{071687A4-D100-4FC4-8B42-CEE211CE9F05}.Debug|x64.ActiveCfg = Debug|x64
		{071687A4-D100-4FC4-8B42-CEE211CE9F05}.Debug|x64.Build.0 = Debug|x64
		{071687A4-D100-4FC4-8B42-CEE211CE9F05}.Debug|x86.ActiveCfg = Debug|x86
		{071687A4-D100-4FC4-8B42-CEE211CE9F05}.Debug|x86.Build.0 = Debug|x86
		{071687A4-D100-4FC4-8B42-CEE211CE9F05}.Release|ARM64.ActiveCfg = Release|ARM64
		{071687A4-D100-4FC4-8B42-CEE211CE9F05}.Release|ARM64.Build.0 = Release|ARM64
		{071687A4-D100-4FC4-8B42-CEE211CE9F05}.Release|x64.ActiveCfg = Release|x64
		{071687A4-D100-4FC4-8B42-CEE211CE9F05}.Release|x64.Build.0 = Release|x64
		{071687A4-D100-4FC4-8B42-CEE211CE9F05}.Release|x86.ActiveCfg = Release|x86
		{071687A4-D100-4FC4-8B42-CEE211CE9F05}.Release|x86.Build.0 = Release|x86
		{6600E45B-E354-48A9-AA23-CA276102E7BE}.Debug|ARM64.ActiveCfg = Debug|ARM64
		{6600E45B-E354-48A9-AA23-CA276102E7BE}.Debug|ARM64.Build.0 = Debug|ARM64
		{6600E45B-E354-48A9-AA23-CA276102E7BE}.Debug|x64.ActiveCfg = Debug|Any CPU
		{6600E45B-E354-48A9-AA23-CA276102E7BE}.Debug|x64.Build.0 = Debug|Any CPU
		{6600E45B-E354-48A9-AA23-CA276102E7BE}.Debug|x86.ActiveCfg = Debug|Any CPU
		{6600E45B-E354-48A9-AA23-CA276102E7BE}.Debug|x86.Build.0 = Debug|Any CPU
		{6600E45B-E354-48A9-AA23-CA276102E7BE}.Release|ARM64.ActiveCfg = Release|ARM64
		{6600E45B-E354-48A9-AA23-CA276102E7BE}.Release|ARM64.Build.0 = Release|ARM64
		{6600E45B-E354-48A9-AA23-CA276102E7BE}.Release|x64.ActiveCfg = Release|Any CPU
		{6600E45B-E354-48A9-AA23-CA276102E7BE}.Release|x64.Build.0 = Release|Any CPU
		{6600E45B-E354-48A9-AA23-CA276102E7BE}.Release|x86.ActiveCfg = Release|Any CPU
		{6600E45B-E354-48A9-AA23-CA276102E7BE}.Release|x86.Build.0 = Release|Any CPU
		{8B591728-BA7E-4E84-B103-E4971A984A68}.Debug|ARM64.ActiveCfg = Debug|ARM64
		{8B591728-BA7E-4E84-B103-E4971A984A68}.Debug|ARM64.Build.0 = Debug|ARM64
		{8B591728-BA7E-4E84-B103-E4971A984A68}.Debug|x64.ActiveCfg = Debug|Any CPU
		{8B591728-BA7E-4E84-B103-E4971A984A68}.Debug|x64.Build.0 = Debug|Any CPU
		{8B591728-BA7E-4E84-B103-E4971A984A68}.Debug|x86.ActiveCfg = Debug|Any CPU
		{8B591728-BA7E-4E84-B103-E4971A984A68}.Debug|x86.Build.0 = Debug|Any CPU
		{8B591728-BA7E-4E84-B103-E4971A984A68}.Release|ARM64.ActiveCfg = Release|ARM64
		{8B591728-BA7E-4E84-B103-E4971A984A68}.Release|ARM64.Build.0 = Release|ARM64
		{8B591728-BA7E-4E84-B103-E4971A984A68}.Release|x64.ActiveCfg = Release|Any CPU
		{8B591728-BA7E-4E84-B103-E4971A984A68}.Release|x64.Build.0 = Release|Any CPU
		{8B591728-BA7E-4E84-B103-E4971A984A68}.Release|x86.ActiveCfg = Release|Any CPU
		{8B591728-BA7E-4E84-B103-E4971A984A68}.Release|x86.Build.0 = Release|Any CPU
		{34743FAD-099D-4DB8-B8A6-C863FEC91C77}.Debug|ARM64.ActiveCfg = Debug|ARM64
		{34743FAD-099D-4DB8-B8A6-C863FEC91C77}.Debug|ARM64.Build.0 = Debug|ARM64
		{34743FAD-099D-4DB8-B8A6-C863FEC91C77}.Debug|x64.ActiveCfg = Debug|x64
		{34743FAD-099D-4DB8-B8A6-C863FEC91C77}.Debug|x64.Build.0 = Debug|x64
		{34743FAD-099D-4DB8-B8A6-C863FEC91C77}.Debug|x86.ActiveCfg = Debug|Win32
		{34743FAD-099D-4DB8-B8A6-C863FEC91C77}.Debug|x86.Build.0 = Debug|Win32
		{34743FAD-099D-4DB8-B8A6-C863FEC91C77}.Release|ARM64.ActiveCfg = Release|ARM64
		{34743FAD-099D-4DB8-B8A6-C863FEC91C77}.Release|ARM64.Build.0 = Release|ARM64
		{34743FAD-099D-4DB8-B8A6-C863FEC91C77}.Release|x64.ActiveCfg = Release|x64
		{34743FAD-099D-4DB8-B8A6-C863FEC91C77}.Release|x64.Build.0 = Release|x64
		{34743FAD-099D-4DB8-B8A6-C863FEC91C77}.Release|x86.ActiveCfg = Release|Win32
		{34743FAD-099D-4DB8-B8A6-C863FEC91C77}.Release|x86.Build.0 = Release|Win32
		{3450C322-3527-4A61-81A2-8D7552C3DE3E}.Debug|ARM64.ActiveCfg = Debug|ARM64
		{3450C322-3527-4A61-81A2-8D7552C3DE3E}.Debug|ARM64.Build.0 = Debug|ARM64
		{3450C322-3527-4A61-81A2-8D7552C3DE3E}.Debug|x64.ActiveCfg = Debug|x64
		{3450C322-3527-4A61-81A2-8D7552C3DE3E}.Debug|x64.Build.0 = Debug|x64
		{3450C322-3527-4A61-81A2-8D7552C3DE3E}.Debug|x86.ActiveCfg = Debug|Win32
		{3450C322-3527-4A61-81A2-8D7552C3DE3E}.Debug|x86.Build.0 = Debug|Win32
		{3450C322-3527-4A61-81A2-8D7552C3DE3E}.Release|ARM64.ActiveCfg = Release|ARM64
		{3450C322-3527-4A61-81A2-8D7552C3DE3E}.Release|ARM64.Build.0 = Release|ARM64
		{3450C322-3527-4A61-81A2-8D7552C3DE3E}.Release|x64.ActiveCfg = Release|x64
		{3450C322-3527-4A61-81A2-8D7552C3DE3E}.Release|x64.Build.0 = Release|x64
		{3450C322-3527-4A61-81A2-8D7552C3DE3E}.Release|x86.ActiveCfg = Release|Win32
		{3450C322-3527-4A61-81A2-8D7552C3DE3E}.Release|x86.Build.0 = Release|Win32
		{63CA9325-9A8A-4D54-A9B1-4E0B2B2DBCAA}.Debug|ARM64.ActiveCfg = Debug|ARM64
		{63CA9325-9A8A-4D54-A9B1-4E0B2B2DBCAA}.Debug|ARM64.Build.0 = Debug|ARM64
		{63CA9325-9A8A-4D54-A9B1-4E0B2B2DBCAA}.Debug|x64.ActiveCfg = Debug|x64
		{63CA9325-9A8A-4D54-A9B1-4E0B2B2DBCAA}.Debug|x64.Build.0 = Debug|x64
		{63CA9325-9A8A-4D54-A9B1-4E0B2B2DBCAA}.Debug|x86.ActiveCfg = Debug|Win32
		{63CA9325-9A8A-4D54-A9B1-4E0B2B2DBCAA}.Debug|x86.Build.0 = Debug|Win32
		{63CA9325-9A8A-4D54-A9B1-4E0B2B2DBCAA}.Release|ARM64.ActiveCfg = Release|ARM64
		{63CA9325-9A8A-4D54-A9B1-4E0B2B2DBCAA}.Release|ARM64.Build.0 = Release|ARM64
		{63CA9325-9A8A-4D54-A9B1-4E0B2B2DBCAA}.Release|x64.ActiveCfg = Release|x64
		{63CA9325-9A8A-4D54-A9B1-4E0B2B2DBCAA}.Release|x64.Build.0 = Release|x64
		{63CA9325-9A8A-4D54-A9B1-4E0B2B2DBCAA}.Release|x86.ActiveCfg = Release|Win32
		{63CA9325-9A8A-4D54-A9B1-4E0B2B2DBCAA}.Release|x86.Build.0 = Release|Win32
		{EC2ACE95-B4CF-472D-B735-4FAD620801F3}.Debug|ARM64.ActiveCfg = Debug|ARM64
		{EC2ACE95-B4CF-472D-B735-4FAD620801F3}.Debug|ARM64.Build.0 = Debug|ARM64
		{EC2ACE95-B4CF-472D-B735-4FAD620801F3}.Debug|x64.ActiveCfg = Debug|x64
		{EC2ACE95-B4CF-472D-B735-4FAD620801F3}.Debug|x64.Build.0 = Debug|x64
		{EC2ACE95-B4CF-472D-B735-4FAD620801F3}.Debug|x86.ActiveCfg = Debug|Win32
		{EC2ACE95-B4CF-472D-B735-4FAD620801F3}.Debug|x86.Build.0 = Debug|Win32
		{EC2ACE95-B4CF-472D-B735-4FAD620801F3}.Release|ARM64.ActiveCfg = Release|x64
		{EC2ACE95-B4CF-472D-B735-4FAD620801F3}.Release|ARM64.Build.0 = Release|x64
		{EC2ACE95-B4CF-472D-B735-4FAD620801F3}.Release|x64.ActiveCfg = Release|x64
		{EC2ACE95-B4CF-472D-B735-4FAD620801F3}.Release|x64.Build.0 = Release|x64
		{EC2ACE95-B4CF-472D-B735-4FAD620801F3}.Release|x86.ActiveCfg = Release|Win32
		{EC2ACE95-B4CF-472D-B735-4FAD620801F3}.Release|x86.Build.0 = Release|Win32
	EndGlobalSection
	GlobalSection(SolutionProperties) = preSolution
		HideSolutionNode = FALSE
	EndGlobalSection
	GlobalSection(ExtensibilityGlobals) = postSolution
		SolutionGuid = {384B9232-3E09-4838-B0A4-F27655E1348C}
	EndGlobalSection
EndGlobal
