<?xml version="1.0" encoding="utf-8"?>
<Project ToolsVersion="4.0" xmlns="http://schemas.microsoft.com/developer/msbuild/2003">
  <ItemGroup>
    <ClInclude Include="SqlNotebookCore.h" />
  </ItemGroup>
  <ItemGroup>
    <ClCompile Include="AssemblyInfo.cpp" />
    <ClCompile Include="Util.cpp" />
    <ClCompile Include="Notebook.cpp" />
    <ClCompile Include="CsvModule.cpp" />
  </ItemGroup>
</Project>